
Microsoft Visual Studio Solution File, Format Version 12.00
# Visual Studio Version 16
VisualStudioVersion = 16.0.30225.117
MinimumVisualStudioVersion = 10.0.40219.1
Project("{8BC9CEB8-8B4A-11D0-8D11-00A0C91BC942}") = "chapter17.1", "chapter17.1.vcxproj", "{565B8768-F92A-40FB-9F9C-A14AC4383E39}"
EndProject
Global
	GlobalSection(SolutionConfigurationPlatforms) = preSolution
		Debug|x64 = Debug|x64
		Debug|x86 = Debug|x86
		Release|x64 = Release|x64
		Release|x86 = Release|x86
	EndGlobalSection
	GlobalSection(ProjectConfigurationPlatforms) = postSolution
		{565B8768-F92A-40FB-9F9C-A14AC4383E39}.Debug|x64.ActiveCfg = Debug|x64
		{565B8768-F92A-40FB-9F9C-A14AC4383E39}.Debug|x64.Build.0 = Debug|x64
		{565B8768-F92A-40FB-9F9C-A14AC4383E39}.Debug|x86.ActiveCfg = Debug|Win32
		{565B8768-F92A-40FB-9F9C-A14AC4383E39}.Debug|x86.Build.0 = Debug|Win32
		{565B8768-F92A-40FB-9F9C-A14AC4383E39}.Release|x64.ActiveCfg = Release|x64
		{565B8768-F92A-40FB-9F9C-A14AC4383E39}.Release|x64.Build.0 = Release|x64
		{565B8768-F92A-40FB-9F9C-A14AC4383E39}.Release|x86.ActiveCfg = Release|Win32
		{565B8768-F92A-40FB-9F9C-A14AC4383E39}.Release|x86.Build.0 = Release|Win32
	EndGlobalSection
	GlobalSection(SolutionProperties) = preSolution
		HideSolutionNode = FALSE
	EndGlobalSection
	GlobalSection(ExtensibilityGlobals) = postSolution
		SolutionGuid = {196FF163-58E9-48F3-8644-CFDED7B4ACB9}
	EndGlobalSection
EndGlobal
