
Microsoft Visual Studio Solution File, Format Version 12.00
# Visual Studio Version 16
VisualStudioVersion = 16.0.30225.117
MinimumVisualStudioVersion = 10.0.40219.1
Project("{8BC9CEB8-8B4A-11D0-8D11-00A0C91BC942}") = "10.5", "10.5.vcxproj", "{B6000990-907E-414B-95EB-4B79F7BDF514}"
EndProject
Global
	GlobalSection(SolutionConfigurationPlatforms) = preSolution
		Debug|x64 = Debug|x64
		Debug|x86 = Debug|x86
		Release|x64 = Release|x64
		Release|x86 = Release|x86
	EndGlobalSection
	GlobalSection(ProjectConfigurationPlatforms) = postSolution
		{B6000990-907E-414B-95EB-4B79F7BDF514}.Debug|x64.ActiveCfg = Debug|x64
		{B6000990-907E-414B-95EB-4B79F7BDF514}.Debug|x64.Build.0 = Debug|x64
		{B6000990-907E-414B-95EB-4B79F7BDF514}.Debug|x86.ActiveCfg = Debug|Win32
		{B6000990-907E-414B-95EB-4B79F7BDF514}.Debug|x86.Build.0 = Debug|Win32
		{B6000990-907E-414B-95EB-4B79F7BDF514}.Release|x64.ActiveCfg = Release|x64
		{B6000990-907E-414B-95EB-4B79F7BDF514}.Release|x64.Build.0 = Release|x64
		{B6000990-907E-414B-95EB-4B79F7BDF514}.Release|x86.ActiveCfg = Release|Win32
		{B6000990-907E-414B-95EB-4B79F7BDF514}.Release|x86.Build.0 = Release|Win32
	EndGlobalSection
	GlobalSection(SolutionProperties) = preSolution
		HideSolutionNode = FALSE
	EndGlobalSection
	GlobalSection(ExtensibilityGlobals) = postSolution
		SolutionGuid = {2498F046-74E0-4644-AB8A-4CEA93A7E1A8}
	EndGlobalSection
EndGlobal
