
Microsoft Visual Studio Solution File, Format Version 12.00
# Visual Studio Version 16
VisualStudioVersion = 16.0.30225.117
MinimumVisualStudioVersion = 10.0.40219.1
Project("{8BC9CEB8-8B4A-11D0-8D11-00A0C91BC942}") = "chapter10.18", "chapter10.18.vcxproj", "{1BA800E6-6D11-450E-B293-9CB15FD2DBBF}"
EndProject
Global
	GlobalSection(SolutionConfigurationPlatforms) = preSolution
		Debug|x64 = Debug|x64
		Debug|x86 = Debug|x86
		Release|x64 = Release|x64
		Release|x86 = Release|x86
	EndGlobalSection
	GlobalSection(ProjectConfigurationPlatforms) = postSolution
		{1BA800E6-6D11-450E-B293-9CB15FD2DBBF}.Debug|x64.ActiveCfg = Debug|x64
		{1BA800E6-6D11-450E-B293-9CB15FD2DBBF}.Debug|x64.Build.0 = Debug|x64
		{1BA800E6-6D11-450E-B293-9CB15FD2DBBF}.Debug|x86.ActiveCfg = Debug|Win32
		{1BA800E6-6D11-450E-B293-9CB15FD2DBBF}.Debug|x86.Build.0 = Debug|Win32
		{1BA800E6-6D11-450E-B293-9CB15FD2DBBF}.Release|x64.ActiveCfg = Release|x64
		{1BA800E6-6D11-450E-B293-9CB15FD2DBBF}.Release|x64.Build.0 = Release|x64
		{1BA800E6-6D11-450E-B293-9CB15FD2DBBF}.Release|x86.ActiveCfg = Release|Win32
		{1BA800E6-6D11-450E-B293-9CB15FD2DBBF}.Release|x86.Build.0 = Release|Win32
	EndGlobalSection
	GlobalSection(SolutionProperties) = preSolution
		HideSolutionNode = FALSE
	EndGlobalSection
	GlobalSection(ExtensibilityGlobals) = postSolution
		SolutionGuid = {7846A074-5DEE-4F4A-A23F-08ED0F5973B5}
	EndGlobalSection
EndGlobal
