
Microsoft Visual Studio Solution File, Format Version 12.00
# Visual Studio Version 16
VisualStudioVersion = 16.0.30225.117
MinimumVisualStudioVersion = 10.0.40219.1
Project("{8BC9CEB8-8B4A-11D0-8D11-00A0C91BC942}") = "4.3.16", "4.3.16.vcxproj", "{1AD88F2F-7FE7-4D3B-9219-19FA19D4BEB5}"
EndProject
Global
	GlobalSection(SolutionConfigurationPlatforms) = preSolution
		Debug|x64 = Debug|x64
		Debug|x86 = Debug|x86
		Release|x64 = Release|x64
		Release|x86 = Release|x86
	EndGlobalSection
	GlobalSection(ProjectConfigurationPlatforms) = postSolution
		{1AD88F2F-7FE7-4D3B-9219-19FA19D4BEB5}.Debug|x64.ActiveCfg = Debug|x64
		{1AD88F2F-7FE7-4D3B-9219-19FA19D4BEB5}.Debug|x64.Build.0 = Debug|x64
		{1AD88F2F-7FE7-4D3B-9219-19FA19D4BEB5}.Debug|x86.ActiveCfg = Debug|Win32
		{1AD88F2F-7FE7-4D3B-9219-19FA19D4BEB5}.Debug|x86.Build.0 = Debug|Win32
		{1AD88F2F-7FE7-4D3B-9219-19FA19D4BEB5}.Release|x64.ActiveCfg = Release|x64
		{1AD88F2F-7FE7-4D3B-9219-19FA19D4BEB5}.Release|x64.Build.0 = Release|x64
		{1AD88F2F-7FE7-4D3B-9219-19FA19D4BEB5}.Release|x86.ActiveCfg = Release|Win32
		{1AD88F2F-7FE7-4D3B-9219-19FA19D4BEB5}.Release|x86.Build.0 = Release|Win32
	EndGlobalSection
	GlobalSection(SolutionProperties) = preSolution
		HideSolutionNode = FALSE
	EndGlobalSection
	GlobalSection(ExtensibilityGlobals) = postSolution
		SolutionGuid = {256C9F41-EA5D-4A1A-9AE2-C9920FA13535}
	EndGlobalSection
EndGlobal
