
Microsoft Visual Studio Solution File, Format Version 12.00
# Visual Studio Version 16
VisualStudioVersion = 16.0.30225.117
MinimumVisualStudioVersion = 10.0.40219.1
Project("{8BC9CEB8-8B4A-11D0-8D11-00A0C91BC942}") = "7.2", "7.2.vcxproj", "{4BC52D02-3249-4F11-B2AB-DE40A131A7AF}"
EndProject
Global
	GlobalSection(SolutionConfigurationPlatforms) = preSolution
		Debug|x64 = Debug|x64
		Debug|x86 = Debug|x86
		Release|x64 = Release|x64
		Release|x86 = Release|x86
	EndGlobalSection
	GlobalSection(ProjectConfigurationPlatforms) = postSolution
		{4BC52D02-3249-4F11-B2AB-DE40A131A7AF}.Debug|x64.ActiveCfg = Debug|x64
		{4BC52D02-3249-4F11-B2AB-DE40A131A7AF}.Debug|x64.Build.0 = Debug|x64
		{4BC52D02-3249-4F11-B2AB-DE40A131A7AF}.Debug|x86.ActiveCfg = Debug|Win32
		{4BC52D02-3249-4F11-B2AB-DE40A131A7AF}.Debug|x86.Build.0 = Debug|Win32
		{4BC52D02-3249-4F11-B2AB-DE40A131A7AF}.Release|x64.ActiveCfg = Release|x64
		{4BC52D02-3249-4F11-B2AB-DE40A131A7AF}.Release|x64.Build.0 = Release|x64
		{4BC52D02-3249-4F11-B2AB-DE40A131A7AF}.Release|x86.ActiveCfg = Release|Win32
		{4BC52D02-3249-4F11-B2AB-DE40A131A7AF}.Release|x86.Build.0 = Release|Win32
	EndGlobalSection
	GlobalSection(SolutionProperties) = preSolution
		HideSolutionNode = FALSE
	EndGlobalSection
	GlobalSection(ExtensibilityGlobals) = postSolution
		SolutionGuid = {AA4492D2-AADB-4457-8C27-502BB30FD5B3}
	EndGlobalSection
EndGlobal
